// !$*UTF8*$!
{
	archiveVersion = 1;
	classes = {
	};
	objectVersion = 46;
	objects = {

/* Begin PBXBuildFile section */
		FB4AA40D181E05F90037A8E3 /* CubicBspline.cpp in Sources */ = {isa = PBXBuildFile; fileRef = FB4AA40B181E05F90037A8E3 /* CubicBspline.cpp */; };
		FB4AA410181E06230037A8E3 /* GenericException.cpp in Sources */ = {isa = PBXBuildFile; fileRef = FB4AA40E181E06230037A8E3 /* GenericException.cpp */; };
		FB4AA418181E06770037A8E3 /* Ground.cpp in Sources */ = {isa = PBXBuildFile; fileRef = FB4AA411181E06770037A8E3 /* Ground.cpp */; };
		FB4AA419181E06770037A8E3 /* libtarga.c in Sources */ = {isa = PBXBuildFile; fileRef = FB4AA412181E06770037A8E3 /* libtarga.c */; };
		FB4AA41A181E06770037A8E3 /* grass.tga in Resources */ = {isa = PBXBuildFile; fileRef = FB4AA414181E06770037A8E3 /* grass.tga */; };
		FB4AA41B181E06770037A8E3 /* Track.cpp in Sources */ = {isa = PBXBuildFile; fileRef = FB4AA416181E06770037A8E3 /* Track.cpp */; };
		FB8DC9A7181DAB5A002E1075 /* Cocoa.framework in Frameworks */ = {isa = PBXBuildFile; fileRef = FB8DC9A6181DAB5A002E1075 /* Cocoa.framework */; };
		FB8DC9B1181DAB5A002E1075 /* InfoPlist.strings in Resources */ = {isa = PBXBuildFile; fileRef = FB8DC9AF181DAB5A002E1075 /* InfoPlist.strings */; };
		FB8DC9B3181DAB5A002E1075 /* main.m in Sources */ = {isa = PBXBuildFile; fileRef = FB8DC9B2181DAB5A002E1075 /* main.m */; };
		FB8DC9B7181DAB5A002E1075 /* Credits.rtf in Resources */ = {isa = PBXBuildFile; fileRef = FB8DC9B5181DAB5A002E1075 /* Credits.rtf */; };
		FB8DC9BA181DAB5A002E1075 /* AppDelegate.m in Sources */ = {isa = PBXBuildFile; fileRef = FB8DC9B9181DAB5A002E1075 /* AppDelegate.m */; };
		FB8DC9BD181DAB5A002E1075 /* MainMenu.xib in Resources */ = {isa = PBXBuildFile; fileRef = FB8DC9BB181DAB5A002E1075 /* MainMenu.xib */; };
		FB8DC9BF181DAB5A002E1075 /* Images.xcassets in Resources */ = {isa = PBXBuildFile; fileRef = FB8DC9BE181DAB5A002E1075 /* Images.xcassets */; };
		FB8DC9C6181DAB5A002E1075 /* XCTest.framework in Frameworks */ = {isa = PBXBuildFile; fileRef = FB8DC9C5181DAB5A002E1075 /* XCTest.framework */; };
		FB8DC9C7181DAB5A002E1075 /* Cocoa.framework in Frameworks */ = {isa = PBXBuildFile; fileRef = FB8DC9A6181DAB5A002E1075 /* Cocoa.framework */; };
		FB8DC9CF181DAB5A002E1075 /* InfoPlist.strings in Resources */ = {isa = PBXBuildFile; fileRef = FB8DC9CD181DAB5A002E1075 /* InfoPlist.strings */; };
		FB8DC9D1181DAB5A002E1075 /* Amusement_Park_CocoaTests.m in Sources */ = {isa = PBXBuildFile; fileRef = FB8DC9D0181DAB5A002E1075 /* Amusement_Park_CocoaTests.m */; };
		FB8DC9DB181DAB77002E1075 /* OpenGL.framework in Frameworks */ = {isa = PBXBuildFile; fileRef = FB8DC9DA181DAB77002E1075 /* OpenGL.framework */; };
		FB8DC9DE181DABDB002E1075 /* OpenGLView.mm in Sources */ = {isa = PBXBuildFile; fileRef = FB8DC9DD181DABDB002E1075 /* OpenGLView.mm */; };
/* End PBXBuildFile section */

/* Begin PBXContainerItemProxy section */
		FB8DC9C8181DAB5A002E1075 /* PBXContainerItemProxy */ = {
			isa = PBXContainerItemProxy;
			containerPortal = FB8DC99B181DAB5A002E1075 /* Project object */;
			proxyType = 1;
			remoteGlobalIDString = FB8DC9A2181DAB5A002E1075;
			remoteInfo = "Amusement Park Cocoa";
		};
/* End PBXContainerItemProxy section */

/* Begin PBXFileReference section */
		FB4AA40B181E05F90037A8E3 /* CubicBspline.cpp */ = {isa = PBXFileReference; fileEncoding = 4; lastKnownFileType = sourcecode.cpp.cpp; path = CubicBspline.cpp; sourceTree = "<group>"; };
		FB4AA40C181E05F90037A8E3 /* CubicBspline.h */ = {isa = PBXFileReference; fileEncoding = 4; lastKnownFileType = sourcecode.c.h; path = CubicBspline.h; sourceTree = "<group>"; };
		FB4AA40E181E06230037A8E3 /* GenericException.cpp */ = {isa = PBXFileReference; fileEncoding = 4; lastKnownFileType = sourcecode.cpp.cpp; path = GenericException.cpp; sourceTree = "<group>"; };
		FB4AA40F181E06230037A8E3 /* GenericException.h */ = {isa = PBXFileReference; fileEncoding = 4; lastKnownFileType = sourcecode.c.h; path = GenericException.h; sourceTree = "<group>"; };
		FB4AA411181E06770037A8E3 /* Ground.cpp */ = {isa = PBXFileReference; fileEncoding = 4; lastKnownFileType = sourcecode.cpp.cpp; path = Ground.cpp; sourceTree = "<group>"; };
		FB4AA412181E06770037A8E3 /* libtarga.c */ = {isa = PBXFileReference; fileEncoding = 4; lastKnownFileType = sourcecode.c.c; path = libtarga.c; sourceTree = "<group>"; };
		FB4AA413181E06770037A8E3 /* libtarga.h */ = {isa = PBXFileReference; fileEncoding = 4; lastKnownFileType = sourcecode.c.h; path = libtarga.h; sourceTree = "<group>"; };
		FB4AA414181E06770037A8E3 /* grass.tga */ = {isa = PBXFileReference; lastKnownFileType = file; path = grass.tga; sourceTree = "<group>"; };
		FB4AA415181E06770037A8E3 /* Ground.h */ = {isa = PBXFileReference; fileEncoding = 4; lastKnownFileType = sourcecode.c.h; path = Ground.h; sourceTree = "<group>"; };
		FB4AA416181E06770037A8E3 /* Track.cpp */ = {isa = PBXFileReference; fileEncoding = 4; lastKnownFileType = sourcecode.cpp.cpp; path = Track.cpp; sourceTree = "<group>"; };
		FB4AA417181E06770037A8E3 /* Track.h */ = {isa = PBXFileReference; fileEncoding = 4; lastKnownFileType = sourcecode.c.h; path = Track.h; sourceTree = "<group>"; };
		FB8DC9A3181DAB5A002E1075 /* Amusement Park Cocoa.app */ = {isa = PBXFileReference; explicitFileType = wrapper.application; includeInIndex = 0; path = "Amusement Park Cocoa.app"; sourceTree = BUILT_PRODUCTS_DIR; };
		FB8DC9A6181DAB5A002E1075 /* Cocoa.framework */ = {isa = PBXFileReference; lastKnownFileType = wrapper.framework; name = Cocoa.framework; path = System/Library/Frameworks/Cocoa.framework; sourceTree = SDKROOT; };
		FB8DC9A9181DAB5A002E1075 /* AppKit.framework */ = {isa = PBXFileReference; lastKnownFileType = wrapper.framework; name = AppKit.framework; path = System/Library/Frameworks/AppKit.framework; sourceTree = SDKROOT; };
		FB8DC9AA181DAB5A002E1075 /* CoreData.framework */ = {isa = PBXFileReference; lastKnownFileType = wrapper.framework; name = CoreData.framework; path = System/Library/Frameworks/CoreData.framework; sourceTree = SDKROOT; };
		FB8DC9AB181DAB5A002E1075 /* Foundation.framework */ = {isa = PBXFileReference; lastKnownFileType = wrapper.framework; name = Foundation.framework; path = System/Library/Frameworks/Foundation.framework; sourceTree = SDKROOT; };
		FB8DC9AE181DAB5A002E1075 /* Amusement Park Cocoa-Info.plist */ = {isa = PBXFileReference; lastKnownFileType = text.plist.xml; path = "Amusement Park Cocoa-Info.plist"; sourceTree = "<group>"; };
		FB8DC9B0181DAB5A002E1075 /* en */ = {isa = PBXFileReference; lastKnownFileType = text.plist.strings; name = en; path = en.lproj/InfoPlist.strings; sourceTree = "<group>"; };
		FB8DC9B2181DAB5A002E1075 /* main.m */ = {isa = PBXFileReference; lastKnownFileType = sourcecode.c.objc; path = main.m; sourceTree = "<group>"; };
		FB8DC9B4181DAB5A002E1075 /* Amusement Park Cocoa-Prefix.pch */ = {isa = PBXFileReference; lastKnownFileType = sourcecode.c.h; path = "Amusement Park Cocoa-Prefix.pch"; sourceTree = "<group>"; };
		FB8DC9B6181DAB5A002E1075 /* en */ = {isa = PBXFileReference; lastKnownFileType = text.rtf; name = en; path = en.lproj/Credits.rtf; sourceTree = "<group>"; };
		FB8DC9B8181DAB5A002E1075 /* AppDelegate.h */ = {isa = PBXFileReference; lastKnownFileType = sourcecode.c.h; path = AppDelegate.h; sourceTree = "<group>"; };
		FB8DC9B9181DAB5A002E1075 /* AppDelegate.m */ = {isa = PBXFileReference; lastKnownFileType = sourcecode.c.objc; path = AppDelegate.m; sourceTree = "<group>"; };
		FB8DC9BC181DAB5A002E1075 /* Base */ = {isa = PBXFileReference; lastKnownFileType = file.xib; name = Base; path = Base.lproj/MainMenu.xib; sourceTree = "<group>"; };
		FB8DC9BE181DAB5A002E1075 /* Images.xcassets */ = {isa = PBXFileReference; lastKnownFileType = folder.assetcatalog; path = Images.xcassets; sourceTree = "<group>"; };
		FB8DC9C4181DAB5A002E1075 /* Amusement Park CocoaTests.xctest */ = {isa = PBXFileReference; explicitFileType = wrapper.cfbundle; includeInIndex = 0; path = "Amusement Park CocoaTests.xctest"; sourceTree = BUILT_PRODUCTS_DIR; };
		FB8DC9C5181DAB5A002E1075 /* XCTest.framework */ = {isa = PBXFileReference; lastKnownFileType = wrapper.framework; name = XCTest.framework; path = Library/Frameworks/XCTest.framework; sourceTree = DEVELOPER_DIR; };
		FB8DC9CC181DAB5A002E1075 /* Amusement Park CocoaTests-Info.plist */ = {isa = PBXFileReference; lastKnownFileType = text.plist.xml; path = "Amusement Park CocoaTests-Info.plist"; sourceTree = "<group>"; };
		FB8DC9CE181DAB5A002E1075 /* en */ = {isa = PBXFileReference; lastKnownFileType = text.plist.strings; name = en; path = en.lproj/InfoPlist.strings; sourceTree = "<group>"; };
		FB8DC9D0181DAB5A002E1075 /* Amusement_Park_CocoaTests.m */ = {isa = PBXFileReference; lastKnownFileType = sourcecode.c.objc; path = Amusement_Park_CocoaTests.m; sourceTree = "<group>"; };
		FB8DC9DA181DAB77002E1075 /* OpenGL.framework */ = {isa = PBXFileReference; lastKnownFileType = wrapper.framework; name = OpenGL.framework; path = System/Library/Frameworks/OpenGL.framework; sourceTree = SDKROOT; };
		FB8DC9DC181DABDB002E1075 /* OpenGLView.h */ = {isa = PBXFileReference; fileEncoding = 4; lastKnownFileType = sourcecode.c.h; path = OpenGLView.h; sourceTree = "<group>"; };
		FB8DC9DD181DABDB002E1075 /* OpenGLView.mm */ = {isa = PBXFileReference; fileEncoding = 4; lastKnownFileType = sourcecode.cpp.objcpp; path = OpenGLView.mm; sourceTree = "<group>"; };
/* End PBXFileReference section */

/* Begin PBXFrameworksBuildPhase section */
		FB8DC9A0181DAB5A002E1075 /* Frameworks */ = {
			isa = PBXFrameworksBuildPhase;
			buildActionMask = 2147483647;
			files = (
				FB8DC9DB181DAB77002E1075 /* OpenGL.framework in Frameworks */,
				FB8DC9A7181DAB5A002E1075 /* Cocoa.framework in Frameworks */,
			);
			runOnlyForDeploymentPostprocessing = 0;
		};
		FB8DC9C1181DAB5A002E1075 /* Frameworks */ = {
			isa = PBXFrameworksBuildPhase;
			buildActionMask = 2147483647;
			files = (
				FB8DC9C7181DAB5A002E1075 /* Cocoa.framework in Frameworks */,
				FB8DC9C6181DAB5A002E1075 /* XCTest.framework in Frameworks */,
			);
			runOnlyForDeploymentPostprocessing = 0;
		};
/* End PBXFrameworksBuildPhase section */

/* Begin PBXGroup section */
		FB8DC99A181DAB5A002E1075 = {
			isa = PBXGroup;
			children = (
				FB8DC9AC181DAB5A002E1075 /* Amusement Park Cocoa */,
				FB8DC9CA181DAB5A002E1075 /* Amusement Park CocoaTests */,
				FB8DC9A5181DAB5A002E1075 /* Frameworks */,
				FB8DC9A4181DAB5A002E1075 /* Products */,
			);
			sourceTree = "<group>";
		};
		FB8DC9A4181DAB5A002E1075 /* Products */ = {
			isa = PBXGroup;
			children = (
				FB8DC9A3181DAB5A002E1075 /* Amusement Park Cocoa.app */,
				FB8DC9C4181DAB5A002E1075 /* Amusement Park CocoaTests.xctest */,
			);
			name = Products;
			sourceTree = "<group>";
		};
		FB8DC9A5181DAB5A002E1075 /* Frameworks */ = {
			isa = PBXGroup;
			children = (
				FB8DC9DA181DAB77002E1075 /* OpenGL.framework */,
				FB8DC9A6181DAB5A002E1075 /* Cocoa.framework */,
				FB8DC9C5181DAB5A002E1075 /* XCTest.framework */,
				FB8DC9A8181DAB5A002E1075 /* Other Frameworks */,
			);
			name = Frameworks;
			sourceTree = "<group>";
		};
		FB8DC9A8181DAB5A002E1075 /* Other Frameworks */ = {
			isa = PBXGroup;
			children = (
				FB8DC9A9181DAB5A002E1075 /* AppKit.framework */,
				FB8DC9AA181DAB5A002E1075 /* CoreData.framework */,
				FB8DC9AB181DAB5A002E1075 /* Foundation.framework */,
			);
			name = "Other Frameworks";
			sourceTree = "<group>";
		};
		FB8DC9AC181DAB5A002E1075 /* Amusement Park Cocoa */ = {
			isa = PBXGroup;
			children = (
				FB4AA411181E06770037A8E3 /* Ground.cpp */,
				FB4AA412181E06770037A8E3 /* libtarga.c */,
				FB4AA413181E06770037A8E3 /* libtarga.h */,
				FB4AA414181E06770037A8E3 /* grass.tga */,
				FB4AA415181E06770037A8E3 /* Ground.h */,
				FB4AA416181E06770037A8E3 /* Track.cpp */,
				FB4AA417181E06770037A8E3 /* Track.h */,
				FB4AA40E181E06230037A8E3 /* GenericException.cpp */,
				FB4AA40F181E06230037A8E3 /* GenericException.h */,
				FB4AA40B181E05F90037A8E3 /* CubicBspline.cpp */,
				FB4AA40C181E05F90037A8E3 /* CubicBspline.h */,
				FB8DC9B8181DAB5A002E1075 /* AppDelegate.h */,
				FB8DC9B9181DAB5A002E1075 /* AppDelegate.m */,
				FB8DC9BB181DAB5A002E1075 /* MainMenu.xib */,
				FB8DC9BE181DAB5A002E1075 /* Images.xcassets */,
				FB8DC9AD181DAB5A002E1075 /* Supporting Files */,
				FB8DC9DC181DABDB002E1075 /* OpenGLView.h */,
				FB8DC9DD181DABDB002E1075 /* OpenGLView.mm */,
			);
			path = "Amusement Park Cocoa";
			sourceTree = "<group>";
		};
		FB8DC9AD181DAB5A002E1075 /* Supporting Files */ = {
			isa = PBXGroup;
			children = (
				FB8DC9AE181DAB5A002E1075 /* Amusement Park Cocoa-Info.plist */,
				FB8DC9AF181DAB5A002E1075 /* InfoPlist.strings */,
				FB8DC9B2181DAB5A002E1075 /* main.m */,
				FB8DC9B4181DAB5A002E1075 /* Amusement Park Cocoa-Prefix.pch */,
				FB8DC9B5181DAB5A002E1075 /* Credits.rtf */,
			);
			name = "Supporting Files";
			sourceTree = "<group>";
		};
		FB8DC9CA181DAB5A002E1075 /* Amusement Park CocoaTests */ = {
			isa = PBXGroup;
			children = (
				FB8DC9D0181DAB5A002E1075 /* Amusement_Park_CocoaTests.m */,
				FB8DC9CB181DAB5A002E1075 /* Supporting Files */,
			);
			path = "Amusement Park CocoaTests";
			sourceTree = "<group>";
		};
		FB8DC9CB181DAB5A002E1075 /* Supporting Files */ = {
			isa = PBXGroup;
			children = (
				FB8DC9CC181DAB5A002E1075 /* Amusement Park CocoaTests-Info.plist */,
				FB8DC9CD181DAB5A002E1075 /* InfoPlist.strings */,
			);
			name = "Supporting Files";
			sourceTree = "<group>";
		};
/* End PBXGroup section */

/* Begin PBXNativeTarget section */
		FB8DC9A2181DAB5A002E1075 /* Amusement Park Cocoa */ = {
			isa = PBXNativeTarget;
			buildConfigurationList = FB8DC9D4181DAB5A002E1075 /* Build configuration list for PBXNativeTarget "Amusement Park Cocoa" */;
			buildPhases = (
				FB8DC99F181DAB5A002E1075 /* Sources */,
				FB8DC9A0181DAB5A002E1075 /* Frameworks */,
				FB8DC9A1181DAB5A002E1075 /* Resources */,
			);
			buildRules = (
			);
			dependencies = (
			);
			name = "Amusement Park Cocoa";
			productName = "Amusement Park Cocoa";
			productReference = FB8DC9A3181DAB5A002E1075 /* Amusement Park Cocoa.app */;
			productType = "com.apple.product-type.application";
		};
		FB8DC9C3181DAB5A002E1075 /* Amusement Park CocoaTests */ = {
			isa = PBXNativeTarget;
			buildConfigurationList = FB8DC9D7181DAB5A002E1075 /* Build configuration list for PBXNativeTarget "Amusement Park CocoaTests" */;
			buildPhases = (
				FB8DC9C0181DAB5A002E1075 /* Sources */,
				FB8DC9C1181DAB5A002E1075 /* Frameworks */,
				FB8DC9C2181DAB5A002E1075 /* Resources */,
			);
			buildRules = (
			);
			dependencies = (
				FB8DC9C9181DAB5A002E1075 /* PBXTargetDependency */,
			);
			name = "Amusement Park CocoaTests";
			productName = "Amusement Park CocoaTests";
			productReference = FB8DC9C4181DAB5A002E1075 /* Amusement Park CocoaTests.xctest */;
			productType = "com.apple.product-type.bundle.unit-test";
		};
/* End PBXNativeTarget section */

/* Begin PBXProject section */
		FB8DC99B181DAB5A002E1075 /* Project object */ = {
			isa = PBXProject;
			attributes = {
				LastUpgradeCheck = 0500;
				ORGANIZATIONNAME = AppOven;
				TargetAttributes = {
					FB8DC9C3181DAB5A002E1075 = {
						TestTargetID = FB8DC9A2181DAB5A002E1075;
					};
				};
			};
			buildConfigurationList = FB8DC99E181DAB5A002E1075 /* Build configuration list for PBXProject "Amusement Park Cocoa" */;
			compatibilityVersion = "Xcode 3.2";
			developmentRegion = English;
			hasScannedForEncodings = 0;
			knownRegions = (
				en,
				Base,
			);
			mainGroup = FB8DC99A181DAB5A002E1075;
			productRefGroup = FB8DC9A4181DAB5A002E1075 /* Products */;
			projectDirPath = "";
			projectRoot = "";
			targets = (
				FB8DC9A2181DAB5A002E1075 /* Amusement Park Cocoa */,
				FB8DC9C3181DAB5A002E1075 /* Amusement Park CocoaTests */,
			);
		};
/* End PBXProject section */

/* Begin PBXResourcesBuildPhase section */
		FB8DC9A1181DAB5A002E1075 /* Resources */ = {
			isa = PBXResourcesBuildPhase;
			buildActionMask = 2147483647;
			files = (
				FB4AA41A181E06770037A8E3 /* grass.tga in Resources */,
				FB8DC9B1181DAB5A002E1075 /* InfoPlist.strings in Resources */,
				FB8DC9BF181DAB5A002E1075 /* Images.xcassets in Resources */,
				FB8DC9B7181DAB5A002E1075 /* Credits.rtf in Resources */,
				FB8DC9BD181DAB5A002E1075 /* MainMenu.xib in Resources */,
			);
			runOnlyForDeploymentPostprocessing = 0;
		};
		FB8DC9C2181DAB5A002E1075 /* Resources */ = {
			isa = PBXResourcesBuildPhase;
			buildActionMask = 2147483647;
			files = (
				FB8DC9CF181DAB5A002E1075 /* InfoPlist.strings in Resources */,
			);
			runOnlyForDeploymentPostprocessing = 0;
		};
/* End PBXResourcesBuildPhase section */

/* Begin PBXSourcesBuildPhase section */
		FB8DC99F181DAB5A002E1075 /* Sources */ = {
			isa = PBXSourcesBuildPhase;
			buildActionMask = 2147483647;
			files = (
				FB4AA40D181E05F90037A8E3 /* CubicBspline.cpp in Sources */,
				FB8DC9BA181DAB5A002E1075 /* AppDelegate.m in Sources */,
				FB4AA419181E06770037A8E3 /* libtarga.c in Sources */,
				FB8DC9DE181DABDB002E1075 /* OpenGLView.mm in Sources */,
				FB8DC9B3181DAB5A002E1075 /* main.m in Sources */,
				FB4AA418181E06770037A8E3 /* Ground.cpp in Sources */,
				FB4AA410181E06230037A8E3 /* GenericException.cpp in Sources */,
				FB4AA41B181E06770037A8E3 /* Track.cpp in Sources */,
			);
			runOnlyForDeploymentPostprocessing = 0;
		};
		FB8DC9C0181DAB5A002E1075 /* Sources */ = {
			isa = PBXSourcesBuildPhase;
			buildActionMask = 2147483647;
			files = (
				FB8DC9D1181DAB5A002E1075 /* Amusement_Park_CocoaTests.m in Sources */,
			);
			runOnlyForDeploymentPostprocessing = 0;
		};
/* End PBXSourcesBuildPhase section */

/* Begin PBXTargetDependency section */
		FB8DC9C9181DAB5A002E1075 /* PBXTargetDependency */ = {
			isa = PBXTargetDependency;
			target = FB8DC9A2181DAB5A002E1075 /* Amusement Park Cocoa */;
			targetProxy = FB8DC9C8181DAB5A002E1075 /* PBXContainerItemProxy */;
		};
/* End PBXTargetDependency section */

/* Begin PBXVariantGroup section */
		FB8DC9AF181DAB5A002E1075 /* InfoPlist.strings */ = {
			isa = PBXVariantGroup;
			children = (
				FB8DC9B0181DAB5A002E1075 /* en */,
			);
			name = InfoPlist.strings;
			sourceTree = "<group>";
		};
		FB8DC9B5181DAB5A002E1075 /* Credits.rtf */ = {
			isa = PBXVariantGroup;
			children = (
				FB8DC9B6181DAB5A002E1075 /* en */,
			);
			name = Credits.rtf;
			sourceTree = "<group>";
		};
		FB8DC9BB181DAB5A002E1075 /* MainMenu.xib */ = {
			isa = PBXVariantGroup;
			children = (
				FB8DC9BC181DAB5A002E1075 /* Base */,
			);
			name = MainMenu.xib;
			sourceTree = "<group>";
		};
		FB8DC9CD181DAB5A002E1075 /* InfoPlist.strings */ = {
			isa = PBXVariantGroup;
			children = (
				FB8DC9CE181DAB5A002E1075 /* en */,
			);
			name = InfoPlist.strings;
			sourceTree = "<group>";
		};
/* End PBXVariantGroup section */

/* Begin XCBuildConfiguration section */
		FB8DC9D2181DAB5A002E1075 /* Debug */ = {
			isa = XCBuildConfiguration;
			buildSettings = {
				ALWAYS_SEARCH_USER_PATHS = NO;
				CLANG_CXX_LANGUAGE_STANDARD = "gnu++0x";
				CLANG_CXX_LIBRARY = "libc++";
				CLANG_ENABLE_OBJC_ARC = YES;
				CLANG_WARN_BOOL_CONVERSION = YES;
				CLANG_WARN_CONSTANT_CONVERSION = YES;
				CLANG_WARN_DIRECT_OBJC_ISA_USAGE = YES_ERROR;
				CLANG_WARN_EMPTY_BODY = YES;
				CLANG_WARN_ENUM_CONVERSION = YES;
				CLANG_WARN_INT_CONVERSION = YES;
				CLANG_WARN_OBJC_ROOT_CLASS = YES_ERROR;
				CLANG_WARN__DUPLICATE_METHOD_MATCH = YES;
				COPY_PHASE_STRIP = NO;
				GCC_C_LANGUAGE_STANDARD = gnu99;
				GCC_DYNAMIC_NO_PIC = NO;
				GCC_ENABLE_OBJC_EXCEPTIONS = YES;
				GCC_OPTIMIZATION_LEVEL = 0;
				GCC_PREPROCESSOR_DEFINITIONS = (
					"DEBUG=1",
					"$(inherited)",
				);
				GCC_SYMBOLS_PRIVATE_EXTERN = NO;
				GCC_WARN_64_TO_32_BIT_CONVERSION = YES;
				GCC_WARN_ABOUT_RETURN_TYPE = YES_ERROR;
				GCC_WARN_UNDECLARED_SELECTOR = YES;
				GCC_WARN_UNINITIALIZED_AUTOS = YES;
				GCC_WARN_UNUSED_FUNCTION = YES;
				GCC_WARN_UNUSED_VARIABLE = YES;
				MACOSX_DEPLOYMENT_TARGET = 10.9;
				ONLY_ACTIVE_ARCH = YES;
				SDKROOT = macosx;
			};
			name = Debug;
		};
		FB8DC9D3181DAB5A002E1075 /* Release */ = {
			isa = XCBuildConfiguration;
			buildSettings = {
				ALWAYS_SEARCH_USER_PATHS = NO;
				CLANG_CXX_LANGUAGE_STANDARD = "gnu++0x";
				CLANG_CXX_LIBRARY = "libc++";
				CLANG_ENABLE_OBJC_ARC = YES;
				CLANG_WARN_BOOL_CONVERSION = YES;
				CLANG_WARN_CONSTANT_CONVERSION = YES;
				CLANG_WARN_DIRECT_OBJC_ISA_USAGE = YES_ERROR;
				CLANG_WARN_EMPTY_BODY = YES;
				CLANG_WARN_ENUM_CONVERSION = YES;
				CLANG_WARN_INT_CONVERSION = YES;
				CLANG_WARN_OBJC_ROOT_CLASS = YES_ERROR;
				CLANG_WARN__DUPLICATE_METHOD_MATCH = YES;
				COPY_PHASE_STRIP = YES;
				DEBUG_INFORMATION_FORMAT = "dwarf-with-dsym";
				ENABLE_NS_ASSERTIONS = NO;
				GCC_C_LANGUAGE_STANDARD = gnu99;
				GCC_ENABLE_OBJC_EXCEPTIONS = YES;
				GCC_WARN_64_TO_32_BIT_CONVERSION = YES;
				GCC_WARN_ABOUT_RETURN_TYPE = YES_ERROR;
				GCC_WARN_UNDECLARED_SELECTOR = YES;
				GCC_WARN_UNINITIALIZED_AUTOS = YES;
				GCC_WARN_UNUSED_FUNCTION = YES;
				GCC_WARN_UNUSED_VARIABLE = YES;
				MACOSX_DEPLOYMENT_TARGET = 10.9;
				SDKROOT = macosx;
			};
			name = Release;
		};
		FB8DC9D5181DAB5A002E1075 /* Debug */ = {
			isa = XCBuildConfiguration;
			buildSettings = {
				ASSETCATALOG_COMPILER_APPICON_NAME = AppIcon;
				COMBINE_HIDPI_IMAGES = YES;
				GCC_PRECOMPILE_PREFIX_HEADER = YES;
				GCC_PREFIX_HEADER = "Amusement Park Cocoa/Amusement Park Cocoa-Prefix.pch";
				INFOPLIST_FILE = "Amusement Park Cocoa/Amusement Park Cocoa-Info.plist";
				PRODUCT_NAME = "$(TARGET_NAME)";
				WRAPPER_EXTENSION = app;
			};
			name = Debug;
		};
		FB8DC9D6181DAB5A002E1075 /* Release */ = {
			isa = XCBuildConfiguration;
			buildSettings = {
				ASSETCATALOG_COMPILER_APPICON_NAME = AppIcon;
				COMBINE_HIDPI_IMAGES = YES;
				GCC_PRECOMPILE_PREFIX_HEADER = YES;
				GCC_PREFIX_HEADER = "Amusement Park Cocoa/Amusement Park Cocoa-Prefix.pch";
				INFOPLIST_FILE = "Amusement Park Cocoa/Amusement Park Cocoa-Info.plist";
				PRODUCT_NAME = "$(TARGET_NAME)";
				WRAPPER_EXTENSION = app;
			};
			name = Release;
		};
		FB8DC9D8181DAB5A002E1075 /* Debug */ = {
			isa = XCBuildConfiguration;
			buildSettings = {
				BUNDLE_LOADER = "$(BUILT_PRODUCTS_DIR)/Amusement Park Cocoa.app/Contents/MacOS/Amusement Park Cocoa";
				COMBINE_HIDPI_IMAGES = YES;
				FRAMEWORK_SEARCH_PATHS = (
					"$(DEVELOPER_FRAMEWORKS_DIR)",
					"$(inherited)",
				);
				GCC_PRECOMPILE_PREFIX_HEADER = YES;
				GCC_PREFIX_HEADER = "Amusement Park Cocoa/Amusement Park Cocoa-Prefix.pch";
				GCC_PREPROCESSOR_DEFINITIONS = (
					"DEBUG=1",
					"$(inherited)",
				);
				INFOPLIST_FILE = "Amusement Park CocoaTests/Amusement Park CocoaTests-Info.plist";
				PRODUCT_NAME = "$(TARGET_NAME)";
				TEST_HOST = "$(BUNDLE_LOADER)";
				WRAPPER_EXTENSION = xctest;
			};
			name = Debug;
		};
		FB8DC9D9181DAB5A002E1075 /* Release */ = {
			isa = XCBuildConfiguration;
			buildSettings = {
				BUNDLE_LOADER = "$(BUILT_PRODUCTS_DIR)/Amusement Park Cocoa.app/Contents/MacOS/Amusement Park Cocoa";
				COMBINE_HIDPI_IMAGES = YES;
				FRAMEWORK_SEARCH_PATHS = (
					"$(DEVELOPER_FRAMEWORKS_DIR)",
					"$(inherited)",
				);
				GCC_PRECOMPILE_PREFIX_HEADER = YES;
				GCC_PREFIX_HEADER = "Amusement Park Cocoa/Amusement Park Cocoa-Prefix.pch";
				INFOPLIST_FILE = "Amusement Park CocoaTests/Amusement Park CocoaTests-Info.plist";
				PRODUCT_NAME = "$(TARGET_NAME)";
				TEST_HOST = "$(BUNDLE_LOADER)";
				WRAPPER_EXTENSION = xctest;
			};
			name = Release;
		};
/* End XCBuildConfiguration section */

/* Begin XCConfigurationList section */
		FB8DC99E181DAB5A002E1075 /* Build configuration list for PBXProject "Amusement Park Cocoa" */ = {
			isa = XCConfigurationList;
			buildConfigurations = (
				FB8DC9D2181DAB5A002E1075 /* Debug */,
				FB8DC9D3181DAB5A002E1075 /* Release */,
			);
			defaultConfigurationIsVisible = 0;
			defaultConfigurationName = Release;
		};
		FB8DC9D4181DAB5A002E1075 /* Build configuration list for PBXNativeTarget "Amusement Park Cocoa" */ = {
			isa = XCConfigurationList;
			buildConfigurations = (
				FB8DC9D5181DAB5A002E1075 /* Debug */,
				FB8DC9D6181DAB5A002E1075 /* Release */,
			);
			defaultConfigurationIsVisible = 0;
			defaultConfigurationName = Release;
		};
		FB8DC9D7181DAB5A002E1075 /* Build configuration list for PBXNativeTarget "Amusement Park CocoaTests" */ = {
			isa = XCConfigurationList;
			buildConfigurations = (
				FB8DC9D8181DAB5A002E1075 /* Debug */,
				FB8DC9D9181DAB5A002E1075 /* Release */,
			);
			defaultConfigurationIsVisible = 0;
			defaultConfigurationName = Release;
		};
/* End XCConfigurationList section */
	};
	rootObject = FB8DC99B181DAB5A002E1075 /* Project object */;
}
